
Microsoft Visual Studio Solution File, Format Version 12.00
# Visual Studio Version 16
VisualStudioVersion = 16.0.30621.155
MinimumVisualStudioVersion = 10.0.40219.1
Project("{FAE04EC0-301F-11D3-BF4B-00C04F79EFBC}") = "BestTimes", "BestTimes\BestTimes.csproj", "{DFC7BBC6-FFFB-479F-B832-DC50C29322B2}"
EndProject
Global
	GlobalSection(SolutionConfigurationPlatforms) = preSolution
		Debug|Any CPU = Debug|Any CPU
		Release|Any CPU = Release|Any CPU
	EndGlobalSection
	GlobalSection(ProjectConfigurationPlatforms) = postSolution
		{DFC7BBC6-FFFB-479F-B832-DC50C29322B2}.Debug|Any CPU.ActiveCfg = Debug|Any CPU
		{DFC7BBC6-FFFB-479F-B832-DC50C29322B2}.Debug|Any CPU.Build.0 = Debug|Any CPU
		{DFC7BBC6-FFFB-479F-B832-DC50C29322B2}.Release|Any CPU.ActiveCfg = Release|Any CPU
		{DFC7BBC6-FFFB-479F-B832-DC50C29322B2}.Release|Any CPU.Build.0 = Release|Any CPU
	EndGlobalSection
	GlobalSection(SolutionProperties) = preSolution
		HideSolutionNode = FALSE
	EndGlobalSection
	GlobalSection(ExtensibilityGlobals) = postSolution
		SolutionGuid = {E8EB82C4-E8D4-4B75-9E3A-7AA283D47CFA}
	EndGlobalSection
EndGlobal
